
Microsoft Visual Studio Solution File, Format Version 12.00
Project("{FAE04EC0-301F-11D3-BF4B-00C04F79EFBC}") = "VacationList", "VacationList\VacationList.csproj", "{86A94263-2769-4CD3-A6C5-A5DD1F20A8BE}"
EndProject
Global
	GlobalSection(SolutionConfigurationPlatforms) = preSolution
		Debug|Any CPU = Debug|Any CPU
		Release|Any CPU = Release|Any CPU
	EndGlobalSection
	GlobalSection(ProjectConfigurationPlatforms) = postSolution
		{86A94263-2769-4CD3-A6C5-A5DD1F20A8BE}.Debug|Any CPU.ActiveCfg = Debug|Any CPU
		{86A94263-2769-4CD3-A6C5-A5DD1F20A8BE}.Debug|Any CPU.Build.0 = Debug|Any CPU
		{86A94263-2769-4CD3-A6C5-A5DD1F20A8BE}.Release|Any CPU.ActiveCfg = Release|Any CPU
		{86A94263-2769-4CD3-A6C5-A5DD1F20A8BE}.Release|Any CPU.Build.0 = Release|Any CPU
	EndGlobalSection
EndGlobal
